
Microsoft Visual Studio Solution File, Format Version 12.00
# Visual Studio Version 16
VisualStudioVersion = 16.0.30804.86
MinimumVisualStudioVersion = 10.0.40219.1
Project("{FAE04EC0-301F-11D3-BF4B-00C04F79EFBC}") = "App1.Android", "App1\App1.Android\App1.Android.csproj", "{C22A89C8-858B-4F71-8AE5-4C4CB2B8300A}"
EndProject
Project("{FAE04EC0-301F-11D3-BF4B-00C04F79EFBC}") = "App1.iOS", "App1\App1.iOS\App1.iOS.csproj", "{B6740FEE-2DF6-4027-91AC-B7F8F62C7C47}"
EndProject
Project("{FAE04EC0-301F-11D3-BF4B-00C04F79EFBC}") = "App1", "App1\App1\App1.csproj", "{94E37962-7F06-497B-9542-FA11B3D2D2E7}"
EndProject
Global
	GlobalSection(SolutionConfigurationPlatforms) = preSolution
		Debug|Any CPU = Debug|Any CPU
		Debug|iPhone = Debug|iPhone
		Debug|iPhoneSimulator = Debug|iPhoneSimulator
		Release|Any CPU = Release|Any CPU
		Release|iPhone = Release|iPhone
		Release|iPhoneSimulator = Release|iPhoneSimulator
	EndGlobalSection
	GlobalSection(ProjectConfigurationPlatforms) = postSolution
		{C22A89C8-858B-4F71-8AE5-4C4CB2B8300A}.Debug|Any CPU.ActiveCfg = Debug|Any CPU
		{C22A89C8-858B-4F71-8AE5-4C4CB2B8300A}.Debug|Any CPU.Build.0 = Debug|Any CPU
		{C22A89C8-858B-4F71-8AE5-4C4CB2B8300A}.Debug|Any CPU.Deploy.0 = Debug|Any CPU
		{C22A89C8-858B-4F71-8AE5-4C4CB2B8300A}.Debug|iPhone.ActiveCfg = Debug|Any CPU
		{C22A89C8-858B-4F71-8AE5-4C4CB2B8300A}.Debug|iPhone.Build.0 = Debug|Any CPU
		{C22A89C8-858B-4F71-8AE5-4C4CB2B8300A}.Debug|iPhone.Deploy.0 = Debug|Any CPU
		{C22A89C8-858B-4F71-8AE5-4C4CB2B8300A}.Debug|iPhoneSimulator.ActiveCfg = Debug|Any CPU
		{C22A89C8-858B-4F71-8AE5-4C4CB2B8300A}.Debug|iPhoneSimulator.Build.0 = Debug|Any CPU
		{C22A89C8-858B-4F71-8AE5-4C4CB2B8300A}.Debug|iPhoneSimulator.Deploy.0 = Debug|Any CPU
		{C22A89C8-858B-4F71-8AE5-4C4CB2B8300A}.Release|Any CPU.ActiveCfg = Release|Any CPU
		{C22A89C8-858B-4F71-8AE5-4C4CB2B8300A}.Release|Any CPU.Build.0 = Release|Any CPU
		{C22A89C8-858B-4F71-8AE5-4C4CB2B8300A}.Release|Any CPU.Deploy.0 = Release|Any CPU
		{C22A89C8-858B-4F71-8AE5-4C4CB2B8300A}.Release|iPhone.ActiveCfg = Release|Any CPU
		{C22A89C8-858B-4F71-8AE5-4C4CB2B8300A}.Release|iPhone.Build.0 = Release|Any CPU
		{C22A89C8-858B-4F71-8AE5-4C4CB2B8300A}.Release|iPhone.Deploy.0 = Release|Any CPU
		{C22A89C8-858B-4F71-8AE5-4C4CB2B8300A}.Release|iPhoneSimulator.ActiveCfg = Release|Any CPU
		{C22A89C8-858B-4F71-8AE5-4C4CB2B8300A}.Release|iPhoneSimulator.Build.0 = Release|Any CPU
		{C22A89C8-858B-4F71-8AE5-4C4CB2B8300A}.Release|iPhoneSimulator.Deploy.0 = Release|Any CPU
		{B6740FEE-2DF6-4027-91AC-B7F8F62C7C47}.Debug|Any CPU.ActiveCfg = Debug|iPhone
		{B6740FEE-2DF6-4027-91AC-B7F8F62C7C47}.Debug|Any CPU.Build.0 = Debug|iPhone
		{B6740FEE-2DF6-4027-91AC-B7F8F62C7C47}.Debug|Any CPU.Deploy.0 = Debug|iPhone
		{B6740FEE-2DF6-4027-91AC-B7F8F62C7C47}.Debug|iPhone.ActiveCfg = Debug|iPhone
		{B6740FEE-2DF6-4027-91AC-B7F8F62C7C47}.Debug|iPhone.Build.0 = Debug|iPhone
		{B6740FEE-2DF6-4027-91AC-B7F8F62C7C47}.Debug|iPhone.Deploy.0 = Debug|iPhone
		{B6740FEE-2DF6-4027-91AC-B7F8F62C7C47}.Debug|iPhoneSimulator.ActiveCfg = Debug|iPhoneSimulator
		{B6740FEE-2DF6-4027-91AC-B7F8F62C7C47}.Debug|iPhoneSimulator.Build.0 = Debug|iPhoneSimulator
		{B6740FEE-2DF6-4027-91AC-B7F8F62C7C47}.Debug|iPhoneSimulator.Deploy.0 = Debug|iPhoneSimulator
		{B6740FEE-2DF6-4027-91AC-B7F8F62C7C47}.Release|Any CPU.ActiveCfg = Release|iPhoneSimulator
		{B6740FEE-2DF6-4027-91AC-B7F8F62C7C47}.Release|Any CPU.Build.0 = Release|iPhoneSimulator
		{B6740FEE-2DF6-4027-91AC-B7F8F62C7C47}.Release|Any CPU.Deploy.0 = Release|iPhoneSimulator
		{B6740FEE-2DF6-4027-91AC-B7F8F62C7C47}.Release|iPhone.ActiveCfg = Release|iPhone
		{B6740FEE-2DF6-4027-91AC-B7F8F62C7C47}.Release|iPhone.Build.0 = Release|iPhone
		{B6740FEE-2DF6-4027-91AC-B7F8F62C7C47}.Release|iPhone.Deploy.0 = Release|iPhone
		{B6740FEE-2DF6-4027-91AC-B7F8F62C7C47}.Release|iPhoneSimulator.ActiveCfg = Release|iPhoneSimulator
		{B6740FEE-2DF6-4027-91AC-B7F8F62C7C47}.Release|iPhoneSimulator.Build.0 = Release|iPhoneSimulator
		{B6740FEE-2DF6-4027-91AC-B7F8F62C7C47}.Release|iPhoneSimulator.Deploy.0 = Release|iPhoneSimulator
		{94E37962-7F06-497B-9542-FA11B3D2D2E7}.Debug|Any CPU.ActiveCfg = Debug|Any CPU
		{94E37962-7F06-497B-9542-FA11B3D2D2E7}.Debug|Any CPU.Build.0 = Debug|Any CPU
		{94E37962-7F06-497B-9542-FA11B3D2D2E7}.Debug|Any CPU.Deploy.0 = Debug|Any CPU
		{94E37962-7F06-497B-9542-FA11B3D2D2E7}.Debug|iPhone.ActiveCfg = Debug|Any CPU
		{94E37962-7F06-497B-9542-FA11B3D2D2E7}.Debug|iPhone.Build.0 = Debug|Any CPU
		{94E37962-7F06-497B-9542-FA11B3D2D2E7}.Debug|iPhone.Deploy.0 = Debug|Any CPU
		{94E37962-7F06-497B-9542-FA11B3D2D2E7}.Debug|iPhoneSimulator.ActiveCfg = Debug|Any CPU
		{94E37962-7F06-497B-9542-FA11B3D2D2E7}.Debug|iPhoneSimulator.Build.0 = Debug|Any CPU
		{94E37962-7F06-497B-9542-FA11B3D2D2E7}.Debug|iPhoneSimulator.Deploy.0 = Debug|Any CPU
		{94E37962-7F06-497B-9542-FA11B3D2D2E7}.Release|Any CPU.ActiveCfg = Release|Any CPU
		{94E37962-7F06-497B-9542-FA11B3D2D2E7}.Release|Any CPU.Build.0 = Release|Any CPU
		{94E37962-7F06-497B-9542-FA11B3D2D2E7}.Release|Any CPU.Deploy.0 = Release|Any CPU
		{94E37962-7F06-497B-9542-FA11B3D2D2E7}.Release|iPhone.ActiveCfg = Release|Any CPU
		{94E37962-7F06-497B-9542-FA11B3D2D2E7}.Release|iPhone.Build.0 = Release|Any CPU
		{94E37962-7F06-497B-9542-FA11B3D2D2E7}.Release|iPhone.Deploy.0 = Release|Any CPU
		{94E37962-7F06-497B-9542-FA11B3D2D2E7}.Release|iPhoneSimulator.ActiveCfg = Release|Any CPU
		{94E37962-7F06-497B-9542-FA11B3D2D2E7}.Release|iPhoneSimulator.Build.0 = Release|Any CPU
		{94E37962-7F06-497B-9542-FA11B3D2D2E7}.Release|iPhoneSimulator.Deploy.0 = Release|Any CPU
	EndGlobalSection
	GlobalSection(SolutionProperties) = preSolution
		HideSolutionNode = FALSE
	EndGlobalSection
	GlobalSection(ExtensibilityGlobals) = postSolution
		SolutionGuid = {DE0448F5-A727-4D0C-A7C5-77F4286436C8}
	EndGlobalSection
EndGlobal
